
Microsoft Visual Studio Solution File, Format Version 12.00
# Visual Studio Version 17
VisualStudioVersion = 17.9.34622.214
MinimumVisualStudioVersion = 10.0.40219.1
Project("{9A19103F-16F7-4668-BE54-9A1E7A4F7556}") = "BlogHelper", "BlogHelper\BlogHelper.csproj", "{13ACC3AA-7776-4FE6-8124-095D3FB90E3D}"
EndProject
Project("{2150E333-8FDC-42A3-9474-1A3956D46DE8}") = "host", "host", "{970A2013-B40D-4AE0-B396-F11E932E0E7D}"
EndProject
Project("{2150E333-8FDC-42A3-9474-1A3956D46DE8}") = "src", "src", "{F7737BB9-A3E8-4F41-99EA-50B039570280}"
EndProject
Project("{2150E333-8FDC-42A3-9474-1A3956D46DE8}") = "grpc", "grpc", "{85D8AD39-D4AA-40E4-9FBB-1229D474A4A0}"
EndProject
Project("{9A19103F-16F7-4668-BE54-9A1E7A4F7556}") = "Blog.Application", "Blog.Application\Blog.Application.csproj", "{8B42B7D7-B644-42AC-B0C5-26B2A586E2CE}"
EndProject
Project("{9A19103F-16F7-4668-BE54-9A1E7A4F7556}") = "Blog.Application.Contracts", "Blog.Application.Contracts\Blog.Application.Contracts.csproj", "{EE11C76C-0C25-48D4-8290-50AEA1D6FEC8}"
EndProject
Project("{9A19103F-16F7-4668-BE54-9A1E7A4F7556}") = "Blog.Domain", "Blog.Domain\Blog.Domain.csproj", "{664B47C0-9294-4EFA-AA8C-B8541F70B3CB}"
EndProject
Project("{9A19103F-16F7-4668-BE54-9A1E7A4F7556}") = "Blog.Domain.Shared", "Blog.Domain.Shared\Blog.Domain.Shared.csproj", "{83BF738D-C2D6-482F-B3D5-6F2C377533AD}"
EndProject
Project("{9A19103F-16F7-4668-BE54-9A1E7A4F7556}") = "Blog.EntityFrameworkCore", "Blog.EntityFrameworkCore\Blog.EntityFrameworkCore.csproj", "{AC86D0A5-8FFC-4593-A7FC-A6BAFB9C3EE4}"
EndProject
Project("{9A19103F-16F7-4668-BE54-9A1E7A4F7556}") = "Blog.HttpApi", "Blog.HttpApi\Blog.HttpApi.csproj", "{C853D51F-21CB-4E3C-A084-AA64FB05FAED}"
EndProject
Project("{9A19103F-16F7-4668-BE54-9A1E7A4F7556}") = "Blog.Http.Client", "Blog.Http.Client\Blog.Http.Client.csproj", "{08DC2E55-F47B-4086-945F-647F5719F35F}"
EndProject
Project("{9A19103F-16F7-4668-BE54-9A1E7A4F7556}") = "Blog.Grpc.Client", "Blog.Grpc.Client\Blog.Grpc.Client.csproj", "{16387DBF-987C-4A55-96F8-49CF0090E9D3}"
EndProject
Project("{9A19103F-16F7-4668-BE54-9A1E7A4F7556}") = "Blog.Grpc.Sdk", "Blog.Grpc.Sdk\Blog.Grpc.Sdk.csproj", "{94096B2D-886D-4BDC-85F1-5A23B9E060E1}"
EndProject
Project("{9A19103F-16F7-4668-BE54-9A1E7A4F7556}") = "Blog.HttpApi.Host", "Blog.HttpApi.Host\Blog.HttpApi.Host.csproj", "{B52B02B2-5492-43F2-B4D5-3690063005A5}"
EndProject
Global
	GlobalSection(SolutionConfigurationPlatforms) = preSolution
		Debug|Any CPU = Debug|Any CPU
		Release|Any CPU = Release|Any CPU
	EndGlobalSection
	GlobalSection(ProjectConfigurationPlatforms) = postSolution
		{13ACC3AA-7776-4FE6-8124-095D3FB90E3D}.Debug|Any CPU.ActiveCfg = Debug|Any CPU
		{13ACC3AA-7776-4FE6-8124-095D3FB90E3D}.Debug|Any CPU.Build.0 = Debug|Any CPU
		{13ACC3AA-7776-4FE6-8124-095D3FB90E3D}.Release|Any CPU.ActiveCfg = Release|Any CPU
		{13ACC3AA-7776-4FE6-8124-095D3FB90E3D}.Release|Any CPU.Build.0 = Release|Any CPU
		{8B42B7D7-B644-42AC-B0C5-26B2A586E2CE}.Debug|Any CPU.ActiveCfg = Debug|Any CPU
		{8B42B7D7-B644-42AC-B0C5-26B2A586E2CE}.Debug|Any CPU.Build.0 = Debug|Any CPU
		{8B42B7D7-B644-42AC-B0C5-26B2A586E2CE}.Release|Any CPU.ActiveCfg = Release|Any CPU
		{8B42B7D7-B644-42AC-B0C5-26B2A586E2CE}.Release|Any CPU.Build.0 = Release|Any CPU
		{EE11C76C-0C25-48D4-8290-50AEA1D6FEC8}.Debug|Any CPU.ActiveCfg = Debug|Any CPU
		{EE11C76C-0C25-48D4-8290-50AEA1D6FEC8}.Debug|Any CPU.Build.0 = Debug|Any CPU
		{EE11C76C-0C25-48D4-8290-50AEA1D6FEC8}.Release|Any CPU.ActiveCfg = Release|Any CPU
		{EE11C76C-0C25-48D4-8290-50AEA1D6FEC8}.Release|Any CPU.Build.0 = Release|Any CPU
		{664B47C0-9294-4EFA-AA8C-B8541F70B3CB}.Debug|Any CPU.ActiveCfg = Debug|Any CPU
		{664B47C0-9294-4EFA-AA8C-B8541F70B3CB}.Debug|Any CPU.Build.0 = Debug|Any CPU
		{664B47C0-9294-4EFA-AA8C-B8541F70B3CB}.Release|Any CPU.ActiveCfg = Release|Any CPU
		{664B47C0-9294-4EFA-AA8C-B8541F70B3CB}.Release|Any CPU.Build.0 = Release|Any CPU
		{83BF738D-C2D6-482F-B3D5-6F2C377533AD}.Debug|Any CPU.ActiveCfg = Debug|Any CPU
		{83BF738D-C2D6-482F-B3D5-6F2C377533AD}.Debug|Any CPU.Build.0 = Debug|Any CPU
		{83BF738D-C2D6-482F-B3D5-6F2C377533AD}.Release|Any CPU.ActiveCfg = Release|Any CPU
		{83BF738D-C2D6-482F-B3D5-6F2C377533AD}.Release|Any CPU.Build.0 = Release|Any CPU
		{AC86D0A5-8FFC-4593-A7FC-A6BAFB9C3EE4}.Debug|Any CPU.ActiveCfg = Debug|Any CPU
		{AC86D0A5-8FFC-4593-A7FC-A6BAFB9C3EE4}.Debug|Any CPU.Build.0 = Debug|Any CPU
		{AC86D0A5-8FFC-4593-A7FC-A6BAFB9C3EE4}.Release|Any CPU.ActiveCfg = Release|Any CPU
		{AC86D0A5-8FFC-4593-A7FC-A6BAFB9C3EE4}.Release|Any CPU.Build.0 = Release|Any CPU
		{C853D51F-21CB-4E3C-A084-AA64FB05FAED}.Debug|Any CPU.ActiveCfg = Debug|Any CPU
		{C853D51F-21CB-4E3C-A084-AA64FB05FAED}.Debug|Any CPU.Build.0 = Debug|Any CPU
		{C853D51F-21CB-4E3C-A084-AA64FB05FAED}.Release|Any CPU.ActiveCfg = Release|Any CPU
		{C853D51F-21CB-4E3C-A084-AA64FB05FAED}.Release|Any CPU.Build.0 = Release|Any CPU
		{08DC2E55-F47B-4086-945F-647F5719F35F}.Debug|Any CPU.ActiveCfg = Debug|Any CPU
		{08DC2E55-F47B-4086-945F-647F5719F35F}.Debug|Any CPU.Build.0 = Debug|Any CPU
		{08DC2E55-F47B-4086-945F-647F5719F35F}.Release|Any CPU.ActiveCfg = Release|Any CPU
		{08DC2E55-F47B-4086-945F-647F5719F35F}.Release|Any CPU.Build.0 = Release|Any CPU
		{16387DBF-987C-4A55-96F8-49CF0090E9D3}.Debug|Any CPU.ActiveCfg = Debug|Any CPU
		{16387DBF-987C-4A55-96F8-49CF0090E9D3}.Debug|Any CPU.Build.0 = Debug|Any CPU
		{16387DBF-987C-4A55-96F8-49CF0090E9D3}.Release|Any CPU.ActiveCfg = Release|Any CPU
		{16387DBF-987C-4A55-96F8-49CF0090E9D3}.Release|Any CPU.Build.0 = Release|Any CPU
		{94096B2D-886D-4BDC-85F1-5A23B9E060E1}.Debug|Any CPU.ActiveCfg = Debug|Any CPU
		{94096B2D-886D-4BDC-85F1-5A23B9E060E1}.Debug|Any CPU.Build.0 = Debug|Any CPU
		{94096B2D-886D-4BDC-85F1-5A23B9E060E1}.Release|Any CPU.ActiveCfg = Release|Any CPU
		{94096B2D-886D-4BDC-85F1-5A23B9E060E1}.Release|Any CPU.Build.0 = Release|Any CPU
		{B52B02B2-5492-43F2-B4D5-3690063005A5}.Debug|Any CPU.ActiveCfg = Debug|Any CPU
		{B52B02B2-5492-43F2-B4D5-3690063005A5}.Debug|Any CPU.Build.0 = Debug|Any CPU
		{B52B02B2-5492-43F2-B4D5-3690063005A5}.Release|Any CPU.ActiveCfg = Release|Any CPU
		{B52B02B2-5492-43F2-B4D5-3690063005A5}.Release|Any CPU.Build.0 = Release|Any CPU
	EndGlobalSection
	GlobalSection(SolutionProperties) = preSolution
		HideSolutionNode = FALSE
	EndGlobalSection
	GlobalSection(NestedProjects) = preSolution
		{13ACC3AA-7776-4FE6-8124-095D3FB90E3D} = {F7737BB9-A3E8-4F41-99EA-50B039570280}
		{8B42B7D7-B644-42AC-B0C5-26B2A586E2CE} = {F7737BB9-A3E8-4F41-99EA-50B039570280}
		{EE11C76C-0C25-48D4-8290-50AEA1D6FEC8} = {F7737BB9-A3E8-4F41-99EA-50B039570280}
		{664B47C0-9294-4EFA-AA8C-B8541F70B3CB} = {F7737BB9-A3E8-4F41-99EA-50B039570280}
		{83BF738D-C2D6-482F-B3D5-6F2C377533AD} = {F7737BB9-A3E8-4F41-99EA-50B039570280}
		{AC86D0A5-8FFC-4593-A7FC-A6BAFB9C3EE4} = {F7737BB9-A3E8-4F41-99EA-50B039570280}
		{C853D51F-21CB-4E3C-A084-AA64FB05FAED} = {F7737BB9-A3E8-4F41-99EA-50B039570280}
		{08DC2E55-F47B-4086-945F-647F5719F35F} = {F7737BB9-A3E8-4F41-99EA-50B039570280}
		{16387DBF-987C-4A55-96F8-49CF0090E9D3} = {85D8AD39-D4AA-40E4-9FBB-1229D474A4A0}
		{94096B2D-886D-4BDC-85F1-5A23B9E060E1} = {85D8AD39-D4AA-40E4-9FBB-1229D474A4A0}
		{B52B02B2-5492-43F2-B4D5-3690063005A5} = {970A2013-B40D-4AE0-B396-F11E932E0E7D}
	EndGlobalSection
	GlobalSection(ExtensibilityGlobals) = postSolution
		SolutionGuid = {8C800C61-016C-451A-AAA7-B6EBDDCE0D3E}
	EndGlobalSection
EndGlobal
